{
  "version": 4,
  "terraform_version": "1.12.0",
  "serial": 6,
  "lineage": "b9090dd8-1f60-ecdb-da2e-77b45c278880",
  "outputs": {
    "external_ip": {
      "value": "158.160.61.54",
      "type": "string"
    }
  },
  "resources": [
    {
      "mode": "managed",
      "type": "yandex_compute_instance",
      "name": "vm",
      "provider": "provider[\"registry.terraform.io/yandex-cloud/yandex\"]",
      "instances": [
        {
          "schema_version": 1,
          "attributes": {
            "allow_recreate": null,
            "allow_stopping_for_update": null,
            "boot_disk": [
              {
                "auto_delete": true,
                "device_name": "fhm9j3rjf9n4vldo6fn5",
                "disk_id": "fhm9j3rjf9n4vldo6fn5",
                "initialize_params": [
                  {
                    "block_size": 4096,
                    "description": "",
                    "image_id": "fd88o3huv4mm2jndnrl1",
                    "kms_key_id": "",
                    "name": "",
                    "size": 10,
                    "snapshot_id": "",
                    "type": "network-hdd"
                  }
                ],
                "mode": "READ_WRITE"
              }
            ],
            "created_at": "2025-05-18T10:18:17Z",
            "description": "",
            "filesystem": [],
            "folder_id": "b1ggr3j3034ujtt7f9et",
            "fqdn": "fhmud511rsq325dttv69.auto.internal",
            "gpu_cluster_id": "",
            "hardware_generation": [
              {
                "generation2_features": [],
                "legacy_features": [
                  {
                    "pci_topology": "PCI_TOPOLOGY_V1"
                  }
                ]
              }
            ],
            "hostname": "",
            "id": "fhmud511rsq325dttv69",
            "labels": null,
            "local_disk": [],
            "maintenance_grace_period": "",
            "maintenance_policy": null,
            "metadata": {
              "ssh-keys": "ubuntu:ssh-rsa AAAAB3NzaC1yc2EAAAADAQABAAACAQDSNvrfK1WB+aNo7ABUwX/QuT3hR12ENN4EFlYxs/2BTPzwObh+wS+102ys1ffHHkmSFy1XPFpd1Kpyoo9TEy+HnPqzkNewk2lO1oMUfhpmp1ZaVfJ3q72sZAC4dtCSk4Lbw4Lp2BhUhD4XwuTRu5L3mSedB9D9eIl8weRp4Q6YvF5s/xZfW95XLRZ/1zEPsh+kDUj7LBCr9Y7jyK/8kNnBo3gxm2/q2YFY4D+4jC8dUYmcY0g2xKy3OXjNJVkS157f5cZNXXxJZuJt9+iuKgJgL6Lab96MnNa3BbWyiCMmWAobT5o1/AJB7s96sTyn9sR55jdj5l97Ze9WGZWQ9ZxADuNt6/t3CfWVxLRI1P6rk+XKAT+VHHcXZOr5wWK4wdgC2j241gdgwAO7vtCBxVTNii9r+kjgYdXLxgJgacYKe6j6Ky9m1q7qkg0V6xt44Nr8bVnpSvylXUxtMputtBBF09GFLcEO91yXjDVcUyX4DjLpckMqupU6G9VKRzhO1PkiJVFeC1ZjmwJfW2pywLl79oPzlP56np0m72r6gjJY+SDbiEHkaoaIR5WtPYciR4m0GlC7f2qwavfn2w8wRD93meL3QwaEA5d1EzT6PN5dPIpbqMY1X+NCiA6sSlZaMP60eViL5+NGabclUd0cXtzTv3VAzXulS2ZCdXNEGO6AdQ== kuznets.lex@gmail.com\n"
            },
            "metadata_options": [
              {
                "aws_v1_http_endpoint": 1,
                "aws_v1_http_token": 2,
                "gce_http_endpoint": 1,
                "gce_http_token": 1
              }
            ],
            "name": "test-vm",
            "network_acceleration_type": "standard",
            "network_interface": [
              {
                "dns_record": [],
                "index": 0,
                "ip_address": "10.10.0.9",
                "ipv4": true,
                "ipv6": false,
                "ipv6_address": "",
                "ipv6_dns_record": [],
                "mac_address": "d0:0d:1e:69:42:1d",
                "nat": true,
                "nat_dns_record": [],
                "nat_ip_address": "158.160.61.54",
                "nat_ip_version": "IPV4",
                "security_group_ids": [],
                "subnet_id": "e9bv5gchrdl6ok2232ig"
              }
            ],
            "placement_policy": [
              {
                "host_affinity_rules": [],
                "placement_group_id": "",
                "placement_group_partition": 0
              }
            ],
            "platform_id": "standard-v1",
            "resources": [
              {
                "core_fraction": 20,
                "cores": 2,
                "gpus": 0,
                "memory": 2
              }
            ],
            "scheduling_policy": [
              {
                "preemptible": false
              }
            ],
            "secondary_disk": [],
            "service_account_id": "",
            "status": "running",
            "timeouts": null,
            "zone": "ru-central1-a"
          },
          "sensitive_attributes": [],
          "identity_schema_version": 0,
          "private": "eyJlMmJmYjczMC1lY2FhLTExZTYtOGY4OC0zNDM2M2JjN2M0YzAiOnsiY3JlYXRlIjozMDAwMDAwMDAwMDAsImRlbGV0ZSI6MzAwMDAwMDAwMDAwLCJ1cGRhdGUiOjMwMDAwMDAwMDAwMH0sInNjaGVtYV92ZXJzaW9uIjoiMSJ9",
          "dependencies": [
            "yandex_vpc_subnet.default"
          ]
        }
      ]
    },
    {
      "mode": "managed",
      "type": "yandex_vpc_subnet",
      "name": "default",
      "provider": "provider[\"registry.terraform.io/yandex-cloud/yandex\"]",
      "instances": [
        {
          "schema_version": 0,
          "attributes": {
            "created_at": "2025-05-18T10:10:45Z",
            "description": "",
            "dhcp_options": [],
            "folder_id": "b1ggr3j3034ujtt7f9et",
            "id": "e9bv5gchrdl6ok2232ig",
            "labels": {},
            "name": "test-subnet",
            "network_id": "enp06rmbuoc4ka6n5m14",
            "route_table_id": "",
            "timeouts": null,
            "v4_cidr_blocks": [
              "10.10.0.0/24"
            ],
            "v6_cidr_blocks": [],
            "zone": "ru-central1-a"
          },
          "sensitive_attributes": [],
          "identity_schema_version": 0,
          "private": "eyJlMmJmYjczMC1lY2FhLTExZTYtOGY4OC0zNDM2M2JjN2M0YzAiOnsiY3JlYXRlIjoxODAwMDAwMDAwMDAsImRlbGV0ZSI6MTgwMDAwMDAwMDAwLCJ1cGRhdGUiOjE4MDAwMDAwMDAwMH19"
        }
      ]
    }
  ],
  "check_results": null
}
