{
  "version": 4,
  "terraform_version": "1.12.0",
  "serial": 4,
  "lineage": "b9090dd8-1f60-ecdb-da2e-77b45c278880",
  "outputs": {},
  "resources": [
    {
      "mode": "managed",
      "type": "yandex_vpc_subnet",
      "name": "default",
      "provider": "provider[\"registry.terraform.io/yandex-cloud/yandex\"]",
      "instances": [
        {
          "schema_version": 0,
          "attributes": {
            "created_at": "2025-05-18T10:10:45Z",
            "description": "",
            "dhcp_options": [],
            "folder_id": "b1ggr3j3034ujtt7f9et",
            "id": "e9bv5gchrdl6ok2232ig",
            "labels": {},
            "name": "test-subnet",
            "network_id": "enp06rmbuoc4ka6n5m14",
            "route_table_id": "",
            "timeouts": null,
            "v4_cidr_blocks": [
              "10.10.0.0/24"
            ],
            "v6_cidr_blocks": [],
            "zone": "ru-central1-a"
          },
          "sensitive_attributes": [],
          "identity_schema_version": 0,
          "private": "eyJlMmJmYjczMC1lY2FhLTExZTYtOGY4OC0zNDM2M2JjN2M0YzAiOnsiY3JlYXRlIjoxODAwMDAwMDAwMDAsImRlbGV0ZSI6MTgwMDAwMDAwMDAwLCJ1cGRhdGUiOjE4MDAwMDAwMDAwMH19"
        }
      ]
    }
  ],
  "check_results": null
}
