yandex_vpc_subnet.default: Refreshing state... [id=e9bv5gchrdl6ok2232ig]

Terraform used the selected providers to generate the following execution plan. Resource actions are indicated
with the following symbols:
  + create

Terraform will perform the following actions:

  # yandex_compute_instance.vm will be created
  + resource "yandex_compute_instance" "vm" {
      + created_at                = (known after apply)
      + folder_id                 = (known after apply)
      + fqdn                      = (known after apply)
      + gpu_cluster_id            = (known after apply)
      + hardware_generation       = (known after apply)
      + hostname                  = (known after apply)
      + id                        = (known after apply)
      + maintenance_grace_period  = (known after apply)
      + maintenance_policy        = (known after apply)
      + metadata                  = {
          + "ssh-keys" = <<-EOT
                ubuntu:ssh-rsa AAAAB3NzaC1yc2EAAAADAQABAAACAQDSNvrfK1WB+aNo7ABUwX/QuT3hR12ENN4EFlYxs/2BTPzwObh+wS+102ys1ffHHkmSFy1XPFpd1Kpyoo9TEy+HnPqzkNewk2lO1oMUfhpmp1ZaVfJ3q72sZAC4dtCSk4Lbw4Lp2BhUhD4XwuTRu5L3mSedB9D9eIl8weRp4Q6YvF5s/xZfW95XLRZ/1zEPsh+kDUj7LBCr9Y7jyK/8kNnBo3gxm2/q2YFY4D+4jC8dUYmcY0g2xKy3OXjNJVkS157f5cZNXXxJZuJt9+iuKgJgL6Lab96MnNa3BbWyiCMmWAobT5o1/AJB7s96sTyn9sR55jdj5l97Ze9WGZWQ9ZxADuNt6/t3CfWVxLRI1P6rk+XKAT+VHHcXZOr5wWK4wdgC2j241gdgwAO7vtCBxVTNii9r+kjgYdXLxgJgacYKe6j6Ky9m1q7qkg0V6xt44Nr8bVnpSvylXUxtMputtBBF09GFLcEO91yXjDVcUyX4DjLpckMqupU6G9VKRzhO1PkiJVFeC1ZjmwJfW2pywLl79oPzlP56np0m72r6gjJY+SDbiEHkaoaIR5WtPYciR4m0GlC7f2qwavfn2w8wRD93meL3QwaEA5d1EzT6PN5dPIpbqMY1X+NCiA6sSlZaMP60eViL5+NGabclUd0cXtzTv3VAzXulS2ZCdXNEGO6AdQ== kuznets.lex@gmail.com
            EOT
        }
      + name                      = "test-vm"
      + network_acceleration_type = "standard"
      + platform_id               = "standard-v1"
      + service_account_id        = (known after apply)
      + status                    = (known after apply)
      + zone                      = "ru-central1-a"

      + boot_disk {
          + auto_delete = true
          + device_name = (known after apply)
          + disk_id     = (known after apply)
          + mode        = (known after apply)

          + initialize_params {
              + block_size  = (known after apply)
              + description = (known after apply)
              + image_id    = "fd88o3huv4mm2jndnrl1"
              + name        = (known after apply)
              + size        = 10
              + snapshot_id = (known after apply)
              + type        = "network-hdd"
            }
        }

      + metadata_options (known after apply)

      + network_interface {
          + index              = (known after apply)
          + ip_address         = (known after apply)
          + ipv4               = true
          + ipv6               = (known after apply)
          + ipv6_address       = (known after apply)
          + mac_address        = (known after apply)
          + nat                = true
          + nat_ip_address     = (known after apply)
          + nat_ip_version     = (known after apply)
          + security_group_ids = (known after apply)
          + subnet_id          = "e9bv5gchrdl6ok2232ig"
        }

      + placement_policy (known after apply)

      + resources {
          + core_fraction = 20
          + cores         = 2
          + memory        = 2
        }

      + scheduling_policy (known after apply)
    }

Plan: 1 to add, 0 to change, 0 to destroy.

Changes to Outputs:
  + external_ip = (known after apply)

─────────────────────────────────────────────────────────────────────────────────────────────────────────────────

Note: You didn't use the -out option to save this plan, so Terraform can't guarantee to take exactly these
actions if you run "terraform apply" now.